<?xml version="1.0" encoding="utf-8"?>
<Project ToolsVersion="4.0" xmlns="http://schemas.microsoft.com/developer/msbuild/2003">
  <ItemGroup>
    <Filter Include="Source Files">
      <UniqueIdentifier>{4FC737F1-C7A5-4376-A066-2A32D752A2FF}</UniqueIdentifier>
      <Extensions>cpp;c;cc;cxx;def;odl;idl;hpj;bat;asm;asmx</Extensions>
    </Filter>
    <Filter Include="Header Files">
      <UniqueIdentifier>{93995380-89BD-4b04-88EB-625FBE52EBFB}</UniqueIdentifier>
      <Extensions>h;hh;hpp;hxx;hm;inl;inc;ipp;xsd</Extensions>
    </Filter>
    <Filter Include="Resource Files">
      <UniqueIdentifier>{67DA6AB6-F800-4c08-8B7A-83BB121AAD01}</UniqueIdentifier>
      <Extensions>rc;ico;cur;bmp;dlg;rc2;rct;bin;rgs;gif;jpg;jpeg;jpe;resx;tiff;tif;png;wav;mfcribbon-ms</Extensions>
    </Filter>
    <Filter Include="Source Files\Bodies">
      <UniqueIdentifier>{619384ee-b6ea-49cc-b713-0825f44e7e47}</UniqueIdentifier>
    </Filter>
    <Filter Include="Source Files\Attacks">
      <UniqueIdentifier>{f0a1cf47-f7d6-4394-98eb-51c59df76968}</UniqueIdentifier>
    </Filter>
  </ItemGroup>
  <ItemGroup>
    <ClInclude Include="framework.h">
      <Filter>Header Files</Filter>
    </ClInclude>
    <ClInclude Include="targetver.h">
      <Filter>Header Files</Filter>
    </ClInclude>
    <ClInclude Include="Resource.h">
      <Filter>Header Files</Filter>
    </ClInclude>
    <ClInclude Include="RPG Combat Solver.h">
      <Filter>Header Files</Filter>
    </ClInclude>
    <ClInclude Include="basicbody.h">
      <Filter>Header Files</Filter>
    </ClInclude>
    <ClInclude Include="playerbody.h">
      <Filter>Header Files</Filter>
    </ClInclude>
  </ItemGroup>
  <ItemGroup>
    <ClCompile Include="RPG Combat Solver.cpp">
      <Filter>Source Files</Filter>
    </ClCompile>
    <ClCompile Include="basicbody.cpp">
      <Filter>Source Files\Bodies</Filter>
    </ClCompile>
    <ClCompile Include="playerbody.cpp">
      <Filter>Source Files\Bodies</Filter>
    </ClCompile>
    <ClCompile Include="basicattack.cpp">
      <Filter>Source Files\Attacks</Filter>
    </ClCompile>
  </ItemGroup>
  <ItemGroup>
    <ResourceCompile Include="RPG Combat Solver.rc">
      <Filter>Resource Files</Filter>
    </ResourceCompile>
  </ItemGroup>
  <ItemGroup>
    <Image Include="small.ico">
      <Filter>Resource Files</Filter>
    </Image>
    <Image Include="RPG Combat Solver.ico">
      <Filter>Resource Files</Filter>
    </Image>
  </ItemGroup>
  <ItemGroup>
    <None Include="ClassDiagram.cd" />
  </ItemGroup>
</Project>